
Microsoft Visual Studio Solution File, Format Version 12.00
# Visual Studio 14
VisualStudioVersion = 14.0.25123.0
MinimumVisualStudioVersion = 10.0.40219.1
Project("{FAE04EC0-301F-11D3-BF4B-00C04F79EFBC}") = "Mooshak++ H37", "Mooshak++ H37\Mooshak++ H37.csproj", "{B55EE356-43B7-49D5-BB20-49CABEF363A8}"
EndProject
Project("{FAE04EC0-301F-11D3-BF4B-00C04F79EFBC}") = "Mooshak++ H37.Tests", "Mooshak++ H37.Tests\Mooshak++ H37.Tests.csproj", "{02A167B0-F6A6-4C77-A760-A720788CEA63}"
EndProject
Global
	GlobalSection(SolutionConfigurationPlatforms) = preSolution
		Debug|Any CPU = Debug|Any CPU
		Release|Any CPU = Release|Any CPU
	EndGlobalSection
	GlobalSection(ProjectConfigurationPlatforms) = postSolution
		{B55EE356-43B7-49D5-BB20-49CABEF363A8}.Debug|Any CPU.ActiveCfg = Debug|Any CPU
		{B55EE356-43B7-49D5-BB20-49CABEF363A8}.Debug|Any CPU.Build.0 = Debug|Any CPU
		{B55EE356-43B7-49D5-BB20-49CABEF363A8}.Release|Any CPU.ActiveCfg = Release|Any CPU
		{B55EE356-43B7-49D5-BB20-49CABEF363A8}.Release|Any CPU.Build.0 = Release|Any CPU
		{02A167B0-F6A6-4C77-A760-A720788CEA63}.Debug|Any CPU.ActiveCfg = Debug|Any CPU
		{02A167B0-F6A6-4C77-A760-A720788CEA63}.Debug|Any CPU.Build.0 = Debug|Any CPU
		{02A167B0-F6A6-4C77-A760-A720788CEA63}.Release|Any CPU.ActiveCfg = Release|Any CPU
		{02A167B0-F6A6-4C77-A760-A720788CEA63}.Release|Any CPU.Build.0 = Release|Any CPU
	EndGlobalSection
	GlobalSection(SolutionProperties) = preSolution
		HideSolutionNode = FALSE
	EndGlobalSection
EndGlobal
